
Microsoft Visual Studio Solution File, Format Version 12.00
# Visual Studio 15
VisualStudioVersion = 15.0.28307.106
MinimumVisualStudioVersion = 10.0.40219.1
Project("{9A19103F-16F7-4668-BE54-9A1E7A4F7556}") = "01. Count Same Values in Array", "01. Count Same Values in Array\01. Count Same Values in Array.csproj", "{5F43856E-2279-478A-9AAF-C245501C822A}"
EndProject
Project("{9A19103F-16F7-4668-BE54-9A1E7A4F7556}") = "02. Average Student Grades", "02. Average Student Grades\02. Average Student Grades.csproj", "{59C56608-7EED-4E14-B21D-F2DA546310F7}"
EndProject
Project("{9A19103F-16F7-4668-BE54-9A1E7A4F7556}") = "03. Product Shop", "03. Product Shop\03. Product Shop.csproj", "{2296FF5E-EFD8-465B-877C-F6121839A7A2}"
EndProject
Project("{9A19103F-16F7-4668-BE54-9A1E7A4F7556}") = "04. Cities by Continent and Country", "04. Cities by Continent and Country\04. Cities by Continent and Country.csproj", "{5B693A49-6656-484C-BF41-D7DCC0F7557F}"
EndProject
Project("{FAE04EC0-301F-11D3-BF4B-00C04F79EFBC}") = "05. Record Unique Names", "05. Record Unique Names\05. Record Unique Names.csproj", "{F859F377-73D1-44EB-9424-450460534217}"
EndProject
Project("{FAE04EC0-301F-11D3-BF4B-00C04F79EFBC}") = "06. Parking Lot", "06. Parking Lot\06. Parking Lot.csproj", "{3BED2FC1-FA1B-434F-81FC-7151EA7031B2}"
EndProject
Project("{FAE04EC0-301F-11D3-BF4B-00C04F79EFBC}") = "07. SoftUni Party", "07. SoftUni Party\07. SoftUni Party.csproj", "{A63C22FB-8E32-4E40-A5F6-55ECB12B4B08}"
EndProject
Global
	GlobalSection(SolutionConfigurationPlatforms) = preSolution
		Debug|Any CPU = Debug|Any CPU
		Release|Any CPU = Release|Any CPU
	EndGlobalSection
	GlobalSection(ProjectConfigurationPlatforms) = postSolution
		{5F43856E-2279-478A-9AAF-C245501C822A}.Debug|Any CPU.ActiveCfg = Debug|Any CPU
		{5F43856E-2279-478A-9AAF-C245501C822A}.Debug|Any CPU.Build.0 = Debug|Any CPU
		{5F43856E-2279-478A-9AAF-C245501C822A}.Release|Any CPU.ActiveCfg = Release|Any CPU
		{5F43856E-2279-478A-9AAF-C245501C822A}.Release|Any CPU.Build.0 = Release|Any CPU
		{59C56608-7EED-4E14-B21D-F2DA546310F7}.Debug|Any CPU.ActiveCfg = Debug|Any CPU
		{59C56608-7EED-4E14-B21D-F2DA546310F7}.Debug|Any CPU.Build.0 = Debug|Any CPU
		{59C56608-7EED-4E14-B21D-F2DA546310F7}.Release|Any CPU.ActiveCfg = Release|Any CPU
		{59C56608-7EED-4E14-B21D-F2DA546310F7}.Release|Any CPU.Build.0 = Release|Any CPU
		{2296FF5E-EFD8-465B-877C-F6121839A7A2}.Debug|Any CPU.ActiveCfg = Debug|Any CPU
		{2296FF5E-EFD8-465B-877C-F6121839A7A2}.Debug|Any CPU.Build.0 = Debug|Any CPU
		{2296FF5E-EFD8-465B-877C-F6121839A7A2}.Release|Any CPU.ActiveCfg = Release|Any CPU
		{2296FF5E-EFD8-465B-877C-F6121839A7A2}.Release|Any CPU.Build.0 = Release|Any CPU
		{5B693A49-6656-484C-BF41-D7DCC0F7557F}.Debug|Any CPU.ActiveCfg = Debug|Any CPU
		{5B693A49-6656-484C-BF41-D7DCC0F7557F}.Debug|Any CPU.Build.0 = Debug|Any CPU
		{5B693A49-6656-484C-BF41-D7DCC0F7557F}.Release|Any CPU.ActiveCfg = Release|Any CPU
		{5B693A49-6656-484C-BF41-D7DCC0F7557F}.Release|Any CPU.Build.0 = Release|Any CPU
		{F859F377-73D1-44EB-9424-450460534217}.Debug|Any CPU.ActiveCfg = Debug|Any CPU
		{F859F377-73D1-44EB-9424-450460534217}.Debug|Any CPU.Build.0 = Debug|Any CPU
		{F859F377-73D1-44EB-9424-450460534217}.Release|Any CPU.ActiveCfg = Release|Any CPU
		{F859F377-73D1-44EB-9424-450460534217}.Release|Any CPU.Build.0 = Release|Any CPU
		{3BED2FC1-FA1B-434F-81FC-7151EA7031B2}.Debug|Any CPU.ActiveCfg = Debug|Any CPU
		{3BED2FC1-FA1B-434F-81FC-7151EA7031B2}.Debug|Any CPU.Build.0 = Debug|Any CPU
		{3BED2FC1-FA1B-434F-81FC-7151EA7031B2}.Release|Any CPU.ActiveCfg = Release|Any CPU
		{3BED2FC1-FA1B-434F-81FC-7151EA7031B2}.Release|Any CPU.Build.0 = Release|Any CPU
		{A63C22FB-8E32-4E40-A5F6-55ECB12B4B08}.Debug|Any CPU.ActiveCfg = Debug|Any CPU
		{A63C22FB-8E32-4E40-A5F6-55ECB12B4B08}.Debug|Any CPU.Build.0 = Debug|Any CPU
		{A63C22FB-8E32-4E40-A5F6-55ECB12B4B08}.Release|Any CPU.ActiveCfg = Release|Any CPU
		{A63C22FB-8E32-4E40-A5F6-55ECB12B4B08}.Release|Any CPU.Build.0 = Release|Any CPU
	EndGlobalSection
	GlobalSection(SolutionProperties) = preSolution
		HideSolutionNode = FALSE
	EndGlobalSection
	GlobalSection(ExtensibilityGlobals) = postSolution
		SolutionGuid = {37E3B005-F842-405A-B6BA-33815616B5CD}
	EndGlobalSection
EndGlobal
